
Microsoft Visual Studio Solution File, Format Version 12.00
# Visual Studio Version 16
VisualStudioVersion = 16.0.29209.152
MinimumVisualStudioVersion = 10.0.40219.1
Project("{9A19103F-16F7-4668-BE54-9A1E7A4F7556}") = "Compat.Private.Serialization", "Compat.Private.Serialization\Compat.Private.Serialization.csproj", "{1F4EB25F-3A60-45DC-A547-47847B194B32}"
EndProject
Global
	GlobalSection(SolutionConfigurationPlatforms) = preSolution
		Debug|Any CPU = Debug|Any CPU
		Debug|x86 = Debug|x86
		Release|Any CPU = Release|Any CPU
		Release|x86 = Release|x86
	EndGlobalSection
	GlobalSection(ProjectConfigurationPlatforms) = postSolution
		{AB2CF6F8-831A-440A-B90A-4C1EB3437A15}.Debug|Any CPU.ActiveCfg = Debug|Any CPU
		{AB2CF6F8-831A-440A-B90A-4C1EB3437A15}.Debug|Any CPU.Build.0 = Debug|Any CPU
		{AB2CF6F8-831A-440A-B90A-4C1EB3437A15}.Debug|x86.ActiveCfg = Debug|Any CPU
		{AB2CF6F8-831A-440A-B90A-4C1EB3437A15}.Debug|x86.Build.0 = Debug|Any CPU
		{AB2CF6F8-831A-440A-B90A-4C1EB3437A15}.Release|Any CPU.ActiveCfg = Release|Any CPU
		{AB2CF6F8-831A-440A-B90A-4C1EB3437A15}.Release|Any CPU.Build.0 = Release|Any CPU
		{AB2CF6F8-831A-440A-B90A-4C1EB3437A15}.Release|x86.ActiveCfg = Release|Any CPU
		{AB2CF6F8-831A-440A-B90A-4C1EB3437A15}.Release|x86.Build.0 = Release|Any CPU
		{998759D0-5251-44FB-B5ED-331D28751F1C}.Debug|Any CPU.ActiveCfg = Debug|Any CPU
		{998759D0-5251-44FB-B5ED-331D28751F1C}.Debug|Any CPU.Build.0 = Debug|Any CPU
		{998759D0-5251-44FB-B5ED-331D28751F1C}.Debug|x86.ActiveCfg = Debug|Any CPU
		{998759D0-5251-44FB-B5ED-331D28751F1C}.Debug|x86.Build.0 = Debug|Any CPU
		{998759D0-5251-44FB-B5ED-331D28751F1C}.Release|Any CPU.ActiveCfg = Release|Any CPU
		{998759D0-5251-44FB-B5ED-331D28751F1C}.Release|Any CPU.Build.0 = Release|Any CPU
		{998759D0-5251-44FB-B5ED-331D28751F1C}.Release|x86.ActiveCfg = Release|Any CPU
		{998759D0-5251-44FB-B5ED-331D28751F1C}.Release|x86.Build.0 = Release|Any CPU
		{A2AEAA66-FA33-437C-BC21-E644A4865543}.Debug|Any CPU.ActiveCfg = Debug|Any CPU
		{A2AEAA66-FA33-437C-BC21-E644A4865543}.Debug|Any CPU.Build.0 = Debug|Any CPU
		{A2AEAA66-FA33-437C-BC21-E644A4865543}.Debug|x86.ActiveCfg = Debug|Any CPU
		{A2AEAA66-FA33-437C-BC21-E644A4865543}.Debug|x86.Build.0 = Debug|Any CPU
		{A2AEAA66-FA33-437C-BC21-E644A4865543}.Release|Any CPU.ActiveCfg = Release|Any CPU
		{A2AEAA66-FA33-437C-BC21-E644A4865543}.Release|Any CPU.Build.0 = Release|Any CPU
		{A2AEAA66-FA33-437C-BC21-E644A4865543}.Release|x86.ActiveCfg = Release|Any CPU
		{A2AEAA66-FA33-437C-BC21-E644A4865543}.Release|x86.Build.0 = Release|Any CPU
		{624AA825-698D-490D-8C71-1126035E96F2}.Debug|Any CPU.ActiveCfg = Debug|Any CPU
		{624AA825-698D-490D-8C71-1126035E96F2}.Debug|Any CPU.Build.0 = Debug|Any CPU
		{624AA825-698D-490D-8C71-1126035E96F2}.Debug|x86.ActiveCfg = Debug|Any CPU
		{624AA825-698D-490D-8C71-1126035E96F2}.Debug|x86.Build.0 = Debug|Any CPU
		{624AA825-698D-490D-8C71-1126035E96F2}.Release|Any CPU.ActiveCfg = Release|Any CPU
		{624AA825-698D-490D-8C71-1126035E96F2}.Release|Any CPU.Build.0 = Release|Any CPU
		{624AA825-698D-490D-8C71-1126035E96F2}.Release|x86.ActiveCfg = Release|Any CPU
		{624AA825-698D-490D-8C71-1126035E96F2}.Release|x86.Build.0 = Release|Any CPU
		{29E0781B-FEED-47A4-B5D0-F3F47C642DE3}.Debug|Any CPU.ActiveCfg = Debug|Any CPU
		{29E0781B-FEED-47A4-B5D0-F3F47C642DE3}.Debug|Any CPU.Build.0 = Debug|Any CPU
		{29E0781B-FEED-47A4-B5D0-F3F47C642DE3}.Debug|x86.ActiveCfg = Debug|Any CPU
		{29E0781B-FEED-47A4-B5D0-F3F47C642DE3}.Debug|x86.Build.0 = Debug|Any CPU
		{29E0781B-FEED-47A4-B5D0-F3F47C642DE3}.Release|Any CPU.ActiveCfg = Release|Any CPU
		{29E0781B-FEED-47A4-B5D0-F3F47C642DE3}.Release|Any CPU.Build.0 = Release|Any CPU
		{29E0781B-FEED-47A4-B5D0-F3F47C642DE3}.Release|x86.ActiveCfg = Release|Any CPU
		{29E0781B-FEED-47A4-B5D0-F3F47C642DE3}.Release|x86.Build.0 = Release|Any CPU
		{4D9C3EA3-30AD-43C2-835E-166A42872C03}.Debug|Any CPU.ActiveCfg = Debug|Any CPU
		{4D9C3EA3-30AD-43C2-835E-166A42872C03}.Debug|Any CPU.Build.0 = Debug|Any CPU
		{4D9C3EA3-30AD-43C2-835E-166A42872C03}.Debug|x86.ActiveCfg = Debug|Any CPU
		{4D9C3EA3-30AD-43C2-835E-166A42872C03}.Debug|x86.Build.0 = Debug|Any CPU
		{4D9C3EA3-30AD-43C2-835E-166A42872C03}.Release|Any CPU.ActiveCfg = Release|Any CPU
		{4D9C3EA3-30AD-43C2-835E-166A42872C03}.Release|Any CPU.Build.0 = Release|Any CPU
		{4D9C3EA3-30AD-43C2-835E-166A42872C03}.Release|x86.ActiveCfg = Release|Any CPU
		{4D9C3EA3-30AD-43C2-835E-166A42872C03}.Release|x86.Build.0 = Release|Any CPU
		{35BD700E-2888-4B11-ABFA-D49371E9ECDE}.Debug|Any CPU.ActiveCfg = Debug|Any CPU
		{35BD700E-2888-4B11-ABFA-D49371E9ECDE}.Debug|Any CPU.Build.0 = Debug|Any CPU
		{35BD700E-2888-4B11-ABFA-D49371E9ECDE}.Debug|x86.ActiveCfg = Debug|Any CPU
		{35BD700E-2888-4B11-ABFA-D49371E9ECDE}.Debug|x86.Build.0 = Debug|Any CPU
		{35BD700E-2888-4B11-ABFA-D49371E9ECDE}.Release|Any CPU.ActiveCfg = Release|Any CPU
		{35BD700E-2888-4B11-ABFA-D49371E9ECDE}.Release|Any CPU.Build.0 = Release|Any CPU
		{35BD700E-2888-4B11-ABFA-D49371E9ECDE}.Release|x86.ActiveCfg = Release|Any CPU
		{35BD700E-2888-4B11-ABFA-D49371E9ECDE}.Release|x86.Build.0 = Release|Any CPU
		{C1853B29-C445-4098-81A5-3ADB633DF213}.Debug|Any CPU.ActiveCfg = Debug|x86
		{C1853B29-C445-4098-81A5-3ADB633DF213}.Debug|x86.ActiveCfg = Debug|x86
		{C1853B29-C445-4098-81A5-3ADB633DF213}.Debug|x86.Build.0 = Debug|x86
		{C1853B29-C445-4098-81A5-3ADB633DF213}.Release|Any CPU.ActiveCfg = Release|x86
		{C1853B29-C445-4098-81A5-3ADB633DF213}.Release|x86.ActiveCfg = Release|x86
		{C1853B29-C445-4098-81A5-3ADB633DF213}.Release|x86.Build.0 = Release|x86
		{302B8E43-8366-4E01-B35F-CB0C97902806}.Debug|Any CPU.ActiveCfg = Debug|Any CPU
		{302B8E43-8366-4E01-B35F-CB0C97902806}.Debug|Any CPU.Build.0 = Debug|Any CPU
		{302B8E43-8366-4E01-B35F-CB0C97902806}.Debug|x86.ActiveCfg = Debug|Any CPU
		{302B8E43-8366-4E01-B35F-CB0C97902806}.Debug|x86.Build.0 = Debug|Any CPU
		{302B8E43-8366-4E01-B35F-CB0C97902806}.Release|Any CPU.ActiveCfg = Release|Any CPU
		{302B8E43-8366-4E01-B35F-CB0C97902806}.Release|Any CPU.Build.0 = Release|Any CPU
		{302B8E43-8366-4E01-B35F-CB0C97902806}.Release|x86.ActiveCfg = Release|Any CPU
		{302B8E43-8366-4E01-B35F-CB0C97902806}.Release|x86.Build.0 = Release|Any CPU
		{DAFF1345-4EB5-449E-94CE-1064C9E98FA9}.Debug|Any CPU.ActiveCfg = Debug|Any CPU
		{DAFF1345-4EB5-449E-94CE-1064C9E98FA9}.Debug|Any CPU.Build.0 = Debug|Any CPU
		{DAFF1345-4EB5-449E-94CE-1064C9E98FA9}.Debug|x86.ActiveCfg = Debug|Any CPU
		{DAFF1345-4EB5-449E-94CE-1064C9E98FA9}.Debug|x86.Build.0 = Debug|Any CPU
		{DAFF1345-4EB5-449E-94CE-1064C9E98FA9}.Release|Any CPU.ActiveCfg = Release|Any CPU
		{DAFF1345-4EB5-449E-94CE-1064C9E98FA9}.Release|Any CPU.Build.0 = Release|Any CPU
		{DAFF1345-4EB5-449E-94CE-1064C9E98FA9}.Release|x86.ActiveCfg = Release|Any CPU
		{DAFF1345-4EB5-449E-94CE-1064C9E98FA9}.Release|x86.Build.0 = Release|Any CPU
		{1F4EB25F-3A60-45DC-A547-47847B194B32}.Debug|Any CPU.ActiveCfg = Debug|Any CPU
		{1F4EB25F-3A60-45DC-A547-47847B194B32}.Debug|Any CPU.Build.0 = Debug|Any CPU
		{1F4EB25F-3A60-45DC-A547-47847B194B32}.Debug|x86.ActiveCfg = Debug|Any CPU
		{1F4EB25F-3A60-45DC-A547-47847B194B32}.Debug|x86.Build.0 = Debug|Any CPU
		{1F4EB25F-3A60-45DC-A547-47847B194B32}.Release|Any CPU.ActiveCfg = Release|Any CPU
		{1F4EB25F-3A60-45DC-A547-47847B194B32}.Release|Any CPU.Build.0 = Release|Any CPU
		{1F4EB25F-3A60-45DC-A547-47847B194B32}.Release|x86.ActiveCfg = Release|Any CPU
		{1F4EB25F-3A60-45DC-A547-47847B194B32}.Release|x86.Build.0 = Release|Any CPU
	EndGlobalSection
	GlobalSection(SolutionProperties) = preSolution
		HideSolutionNode = FALSE
	EndGlobalSection
	GlobalSection(NestedProjects) = preSolution
		{624AA825-698D-490D-8C71-1126035E96F2} = {A3A5753A-2E8F-4970-B7BB-AA59E3C49247}
		{29E0781B-FEED-47A4-B5D0-F3F47C642DE3} = {76D59EF6-6073-4E0A-B2CC-A69FCF66557A}
		{4D9C3EA3-30AD-43C2-835E-166A42872C03} = {6EC5CC4A-E47A-4945-B986-645EEE26E6DD}
		{35BD700E-2888-4B11-ABFA-D49371E9ECDE} = {6EC5CC4A-E47A-4945-B986-645EEE26E6DD}
		{C1853B29-C445-4098-81A5-3ADB633DF213} = {76D59EF6-6073-4E0A-B2CC-A69FCF66557A}
		{302B8E43-8366-4E01-B35F-CB0C97902806} = {76D59EF6-6073-4E0A-B2CC-A69FCF66557A}
		{0E9962A0-1883-4D05-A162-02BE32F9B6C4} = {76D59EF6-6073-4E0A-B2CC-A69FCF66557A}
		{DAE39861-D2F3-419B-9E8A-E783F0C5E89E} = {0E9962A0-1883-4D05-A162-02BE32F9B6C4}
		{6EC5CC4A-E47A-4945-B986-645EEE26E6DD} = {DAE39861-D2F3-419B-9E8A-E783F0C5E89E}
		{AB081229-928D-4718-A905-E35062D720CB} = {0E9962A0-1883-4D05-A162-02BE32F9B6C4}
		{5A0F307E-BCA1-4BD7-9A5B-CF77607CA079} = {AB081229-928D-4718-A905-E35062D720CB}
		{DAFF1345-4EB5-449E-94CE-1064C9E98FA9} = {5A0F307E-BCA1-4BD7-9A5B-CF77607CA079}
	EndGlobalSection
	GlobalSection(ExtensibilityGlobals) = postSolution
		SolutionGuid = {FB69BC62-AC69-4BB8-AB33-DF7E370C9F5B}
	EndGlobalSection
EndGlobal
